
Microsoft Visual Studio Solution File, Format Version 12.00
# Visual Studio Version 17
VisualStudioVersion = 17.4.33205.214
MinimumVisualStudioVersion = 10.0.40219.1
Project("{888888A0-9F3D-457C-B088-3A5042F75D52}") = "Homework8", "Homework8.pyproj", "{3B3C6016-4018-4AE7-B908-8861A0FFBFD7}"
EndProject
Global
	GlobalSection(SolutionConfigurationPlatforms) = preSolution
		Debug|Any CPU = Debug|Any CPU
		Release|Any CPU = Release|Any CPU
	EndGlobalSection
	GlobalSection(ProjectConfigurationPlatforms) = postSolution
		{3B3C6016-4018-4AE7-B908-8861A0FFBFD7}.Debug|Any CPU.ActiveCfg = Debug|Any CPU
		{3B3C6016-4018-4AE7-B908-8861A0FFBFD7}.Release|Any CPU.ActiveCfg = Release|Any CPU
	EndGlobalSection
	GlobalSection(SolutionProperties) = preSolution
		HideSolutionNode = FALSE
	EndGlobalSection
	GlobalSection(ExtensibilityGlobals) = postSolution
		SolutionGuid = {DD8CF10A-8B72-4495-976C-6E01557CB06C}
	EndGlobalSection
EndGlobal
